
Microsoft Visual Studio Solution File, Format Version 12.00
# Visual Studio Version 17
VisualStudioVersion = 17.9.34714.143
MinimumVisualStudioVersion = 10.0.40219.1
Project("{9A19103F-16F7-4668-BE54-9A1E7A4F7556}") = "EasyPOS.Presentation.API", "EasyPOS.Presentation.API\EasyPOS.Presentation.API.csproj", "{1EF7184A-CA12-4D72-A1CC-2DB7EA6A7BF5}"
EndProject
Project("{9A19103F-16F7-4668-BE54-9A1E7A4F7556}") = "EasyPOS.Application", "EasyPOS.Application\EasyPOS.Application.csproj", "{39974121-072D-4132-BF33-F1FA142BE615}"
EndProject
Project("{9A19103F-16F7-4668-BE54-9A1E7A4F7556}") = "EasyPOS.Domain", "EasyPOS.Domain\EasyPOS.Domain.csproj", "{9E749862-7E31-43F4-B73C-B5F860A65697}"
EndProject
Project("{9A19103F-16F7-4668-BE54-9A1E7A4F7556}") = "EasyPOS.Infrastructure", "EasyPOS.Infrastructure\EasyPOS.Infrastructure.csproj", "{0EBEBA08-0890-4AF2-A711-D42393973A5F}"
EndProject
Global
	GlobalSection(SolutionConfigurationPlatforms) = preSolution
		Debug|Any CPU = Debug|Any CPU
		Release|Any CPU = Release|Any CPU
	EndGlobalSection
	GlobalSection(ProjectConfigurationPlatforms) = postSolution
		{1EF7184A-CA12-4D72-A1CC-2DB7EA6A7BF5}.Debug|Any CPU.ActiveCfg = Debug|Any CPU
		{1EF7184A-CA12-4D72-A1CC-2DB7EA6A7BF5}.Debug|Any CPU.Build.0 = Debug|Any CPU
		{1EF7184A-CA12-4D72-A1CC-2DB7EA6A7BF5}.Release|Any CPU.ActiveCfg = Release|Any CPU
		{1EF7184A-CA12-4D72-A1CC-2DB7EA6A7BF5}.Release|Any CPU.Build.0 = Release|Any CPU
		{39974121-072D-4132-BF33-F1FA142BE615}.Debug|Any CPU.ActiveCfg = Debug|Any CPU
		{39974121-072D-4132-BF33-F1FA142BE615}.Debug|Any CPU.Build.0 = Debug|Any CPU
		{39974121-072D-4132-BF33-F1FA142BE615}.Release|Any CPU.ActiveCfg = Release|Any CPU
		{39974121-072D-4132-BF33-F1FA142BE615}.Release|Any CPU.Build.0 = Release|Any CPU
		{9E749862-7E31-43F4-B73C-B5F860A65697}.Debug|Any CPU.ActiveCfg = Debug|Any CPU
		{9E749862-7E31-43F4-B73C-B5F860A65697}.Debug|Any CPU.Build.0 = Debug|Any CPU
		{9E749862-7E31-43F4-B73C-B5F860A65697}.Release|Any CPU.ActiveCfg = Release|Any CPU
		{9E749862-7E31-43F4-B73C-B5F860A65697}.Release|Any CPU.Build.0 = Release|Any CPU
		{0EBEBA08-0890-4AF2-A711-D42393973A5F}.Debug|Any CPU.ActiveCfg = Debug|Any CPU
		{0EBEBA08-0890-4AF2-A711-D42393973A5F}.Debug|Any CPU.Build.0 = Debug|Any CPU
		{0EBEBA08-0890-4AF2-A711-D42393973A5F}.Release|Any CPU.ActiveCfg = Release|Any CPU
		{0EBEBA08-0890-4AF2-A711-D42393973A5F}.Release|Any CPU.Build.0 = Release|Any CPU
	EndGlobalSection
	GlobalSection(SolutionProperties) = preSolution
		HideSolutionNode = FALSE
	EndGlobalSection
	GlobalSection(ExtensibilityGlobals) = postSolution
		SolutionGuid = {D8074215-34FB-423E-8EE9-EC37DFFA51CC}
	EndGlobalSection
EndGlobal
